github.com/haqiqiw/go-say-hello v1.0.0 h1:CAdw1TtgddwFcecn2r7pD1X/kc57cnyLkCY160/QBHU=
github.com/haqiqiw/go-say-hello v1.0.0/go.mod h1:W7oxRTBo8g6JQG6rDQP0KsURRrvCxdoLCGphx90blzI=
github.com/haqiqiw/go-say-hello v1.0.1 h1:F9+NsRRt1/Pi4d6/3NPSsEcBi/vNzDab9sEUTcqaSAg=
github.com/haqiqiw/go-say-hello v1.0.1/go.mod h1:W7oxRTBo8g6JQG6rDQP0KsURRrvCxdoLCGphx90blzI=
